
Microsoft Visual Studio Solution File, Format Version 12.00
# Visual Studio Version 17
VisualStudioVersion = 17.3.32922.545
MinimumVisualStudioVersion = 10.0.40219.1
Project("{FAE04EC0-301F-11D3-BF4B-00C04F79EFBC}") = "Task21.02", "Task21.02\Task21.02.csproj", "{BA4FEFB4-575C-49AF-BFAB-955AE6E5C695}"
EndProject
Global
	GlobalSection(SolutionConfigurationPlatforms) = preSolution
		Debug|Any CPU = Debug|Any CPU
		Release|Any CPU = Release|Any CPU
	EndGlobalSection
	GlobalSection(ProjectConfigurationPlatforms) = postSolution
		{BA4FEFB4-575C-49AF-BFAB-955AE6E5C695}.Debug|Any CPU.ActiveCfg = Debug|Any CPU
		{BA4FEFB4-575C-49AF-BFAB-955AE6E5C695}.Debug|Any CPU.Build.0 = Debug|Any CPU
		{BA4FEFB4-575C-49AF-BFAB-955AE6E5C695}.Release|Any CPU.ActiveCfg = Release|Any CPU
		{BA4FEFB4-575C-49AF-BFAB-955AE6E5C695}.Release|Any CPU.Build.0 = Release|Any CPU
	EndGlobalSection
	GlobalSection(SolutionProperties) = preSolution
		HideSolutionNode = FALSE
	EndGlobalSection
	GlobalSection(ExtensibilityGlobals) = postSolution
		SolutionGuid = {A77A0C53-41C0-4221-8674-DAFEF849472C}
	EndGlobalSection
EndGlobal
